
Microsoft Visual Studio Solution File, Format Version 12.00
# Visual Studio Version 17
VisualStudioVersion = 17.0.31611.283
MinimumVisualStudioVersion = 10.0.40219.1
Project("{9A19103F-16F7-4668-BE54-9A1E7A4F7556}") = "CarAuto.MAUI", "CarAuto.MAUI\CarAuto.MAUI.csproj", "{2E323E23-1676-4A61-B57C-0E409C4CA869}"
EndProject
Project("{9A19103F-16F7-4668-BE54-9A1E7A4F7556}") = "CarAuto.MAUI.Shared", "CarAuto.MAUI.Shared\CarAuto.MAUI.Shared.csproj", "{7164F2DF-02EC-4D3B-83F5-8757045D000B}"
EndProject
Global
	GlobalSection(SolutionConfigurationPlatforms) = preSolution
		Debug|Any CPU = Debug|Any CPU
		Release|Any CPU = Release|Any CPU
	EndGlobalSection
	GlobalSection(ProjectConfigurationPlatforms) = postSolution
		{2E323E23-1676-4A61-B57C-0E409C4CA869}.Debug|Any CPU.ActiveCfg = Debug|Any CPU
		{2E323E23-1676-4A61-B57C-0E409C4CA869}.Debug|Any CPU.Build.0 = Debug|Any CPU
		{2E323E23-1676-4A61-B57C-0E409C4CA869}.Debug|Any CPU.Deploy.0 = Debug|Any CPU
		{2E323E23-1676-4A61-B57C-0E409C4CA869}.Release|Any CPU.ActiveCfg = Release|Any CPU
		{2E323E23-1676-4A61-B57C-0E409C4CA869}.Release|Any CPU.Build.0 = Release|Any CPU
		{2E323E23-1676-4A61-B57C-0E409C4CA869}.Release|Any CPU.Deploy.0 = Release|Any CPU
		{7164F2DF-02EC-4D3B-83F5-8757045D000B}.Debug|Any CPU.ActiveCfg = Debug|Any CPU
		{7164F2DF-02EC-4D3B-83F5-8757045D000B}.Debug|Any CPU.Build.0 = Debug|Any CPU
		{7164F2DF-02EC-4D3B-83F5-8757045D000B}.Release|Any CPU.ActiveCfg = Release|Any CPU
		{7164F2DF-02EC-4D3B-83F5-8757045D000B}.Release|Any CPU.Build.0 = Release|Any CPU
	EndGlobalSection
	GlobalSection(SolutionProperties) = preSolution
		HideSolutionNode = FALSE
	EndGlobalSection
	GlobalSection(ExtensibilityGlobals) = postSolution
		SolutionGuid = {61F7FB11-1E47-470C-91E2-47F8143E1572}
	EndGlobalSection
EndGlobal
